
Microsoft Visual Studio Solution File, Format Version 12.00
# Visual Studio Version 16
VisualStudioVersion = 16.0.30503.244
MinimumVisualStudioVersion = 10.0.40219.1
Project("{FAE04EC0-301F-11D3-BF4B-00C04F79EFBC}") = "Practica5", "Practica5\Practica5.csproj", "{0EEB5F44-C1B8-4D08-8E5D-3743CADEA3A7}"
EndProject
Global
	GlobalSection(SolutionConfigurationPlatforms) = preSolution
		Debug|Any CPU = Debug|Any CPU
		Release|Any CPU = Release|Any CPU
	EndGlobalSection
	GlobalSection(ProjectConfigurationPlatforms) = postSolution
		{0EEB5F44-C1B8-4D08-8E5D-3743CADEA3A7}.Debug|Any CPU.ActiveCfg = Debug|Any CPU
		{0EEB5F44-C1B8-4D08-8E5D-3743CADEA3A7}.Debug|Any CPU.Build.0 = Debug|Any CPU
		{0EEB5F44-C1B8-4D08-8E5D-3743CADEA3A7}.Release|Any CPU.ActiveCfg = Release|Any CPU
		{0EEB5F44-C1B8-4D08-8E5D-3743CADEA3A7}.Release|Any CPU.Build.0 = Release|Any CPU
	EndGlobalSection
	GlobalSection(SolutionProperties) = preSolution
		HideSolutionNode = FALSE
	EndGlobalSection
	GlobalSection(ExtensibilityGlobals) = postSolution
		SolutionGuid = {2A84CCAB-E188-4BE1-93BD-E5397A230807}
	EndGlobalSection
EndGlobal
